
Microsoft Visual Studio Solution File, Format Version 12.00
# Visual Studio 15
VisualStudioVersion = 15.0.27428.1
MinimumVisualStudioVersion = 10.0.40219.1
Project("{FAE04EC0-301F-11D3-BF4B-00C04F79EFBC}") = "WPFSignalRServer", "WPFSignalRServer\WPFSignalRServer.csproj", "{DF023634-CA68-433C-94E7-3F62A5E6228F}"
EndProject
Project("{FAE04EC0-301F-11D3-BF4B-00C04F79EFBC}") = "WPFSignalRClient", "WPFSignalRClient\WPFSignalRClient.csproj", "{CF74A680-0C56-4E86-9521-1F19BB786914}"
EndProject
Project("{FAE04EC0-301F-11D3-BF4B-00C04F79EFBC}") = "ConsoleSignalRServer", "ConsoleSignalRServer\ConsoleSignalRServer.csproj", "{F9232C78-8F7A-4ECD-9772-0F9409A6A178}"
EndProject
Project("{FAE04EC0-301F-11D3-BF4B-00C04F79EFBC}") = "JavasciptSignalRClient", "JavasciptSignalRClient\JavasciptSignalRClient.csproj", "{9A762A79-74BE-4F25-B316-8DC1ADAF176A}"
EndProject
Global
	GlobalSection(SolutionConfigurationPlatforms) = preSolution
		Debug|Any CPU = Debug|Any CPU
		Release|Any CPU = Release|Any CPU
	EndGlobalSection
	GlobalSection(ProjectConfigurationPlatforms) = postSolution
		{DF023634-CA68-433C-94E7-3F62A5E6228F}.Debug|Any CPU.ActiveCfg = Debug|Any CPU
		{DF023634-CA68-433C-94E7-3F62A5E6228F}.Debug|Any CPU.Build.0 = Debug|Any CPU
		{DF023634-CA68-433C-94E7-3F62A5E6228F}.Release|Any CPU.ActiveCfg = Release|Any CPU
		{DF023634-CA68-433C-94E7-3F62A5E6228F}.Release|Any CPU.Build.0 = Release|Any CPU
		{CF74A680-0C56-4E86-9521-1F19BB786914}.Debug|Any CPU.ActiveCfg = Debug|Any CPU
		{CF74A680-0C56-4E86-9521-1F19BB786914}.Debug|Any CPU.Build.0 = Debug|Any CPU
		{CF74A680-0C56-4E86-9521-1F19BB786914}.Release|Any CPU.ActiveCfg = Release|Any CPU
		{CF74A680-0C56-4E86-9521-1F19BB786914}.Release|Any CPU.Build.0 = Release|Any CPU
		{F9232C78-8F7A-4ECD-9772-0F9409A6A178}.Debug|Any CPU.ActiveCfg = Debug|Any CPU
		{F9232C78-8F7A-4ECD-9772-0F9409A6A178}.Debug|Any CPU.Build.0 = Debug|Any CPU
		{F9232C78-8F7A-4ECD-9772-0F9409A6A178}.Release|Any CPU.ActiveCfg = Release|Any CPU
		{F9232C78-8F7A-4ECD-9772-0F9409A6A178}.Release|Any CPU.Build.0 = Release|Any CPU
		{9A762A79-74BE-4F25-B316-8DC1ADAF176A}.Debug|Any CPU.ActiveCfg = Debug|Any CPU
		{9A762A79-74BE-4F25-B316-8DC1ADAF176A}.Debug|Any CPU.Build.0 = Debug|Any CPU
		{9A762A79-74BE-4F25-B316-8DC1ADAF176A}.Release|Any CPU.ActiveCfg = Release|Any CPU
		{9A762A79-74BE-4F25-B316-8DC1ADAF176A}.Release|Any CPU.Build.0 = Release|Any CPU
	EndGlobalSection
	GlobalSection(SolutionProperties) = preSolution
		HideSolutionNode = FALSE
	EndGlobalSection
	GlobalSection(ExtensibilityGlobals) = postSolution
		SolutionGuid = {5DAA6C46-49A4-4D56-BEB3-D0F9C2AA5A9E}
	EndGlobalSection
EndGlobal
